
Microsoft Visual Studio Solution File, Format Version 12.00
# Visual Studio Version 17
VisualStudioVersion = 17.0.31825.309
MinimumVisualStudioVersion = 10.0.40219.1
Project("{FAE04EC0-301F-11D3-BF4B-00C04F79EFBC}") = "BlazorPeliculas.Server", "BlazorPeliculas\Server\BlazorPeliculas.Server.csproj", "{E7AF31DE-718A-481B-B9B9-CAE26C06A0A1}"
EndProject
Project("{FAE04EC0-301F-11D3-BF4B-00C04F79EFBC}") = "BlazorPeliculas.Client", "BlazorPeliculas\Client\BlazorPeliculas.Client.csproj", "{A981DD63-8152-4B8F-B748-C03ECDE69272}"
EndProject
Project("{FAE04EC0-301F-11D3-BF4B-00C04F79EFBC}") = "BlazorPeliculas.Shared", "BlazorPeliculas\Shared\BlazorPeliculas.Shared.csproj", "{E7216D64-ABCE-426F-B524-5C6A30178ED4}"
EndProject
Global
	GlobalSection(SolutionConfigurationPlatforms) = preSolution
		Debug|Any CPU = Debug|Any CPU
		Release|Any CPU = Release|Any CPU
	EndGlobalSection
	GlobalSection(ProjectConfigurationPlatforms) = postSolution
		{E7AF31DE-718A-481B-B9B9-CAE26C06A0A1}.Debug|Any CPU.ActiveCfg = Debug|Any CPU
		{E7AF31DE-718A-481B-B9B9-CAE26C06A0A1}.Debug|Any CPU.Build.0 = Debug|Any CPU
		{E7AF31DE-718A-481B-B9B9-CAE26C06A0A1}.Release|Any CPU.ActiveCfg = Release|Any CPU
		{E7AF31DE-718A-481B-B9B9-CAE26C06A0A1}.Release|Any CPU.Build.0 = Release|Any CPU
		{A981DD63-8152-4B8F-B748-C03ECDE69272}.Debug|Any CPU.ActiveCfg = Debug|Any CPU
		{A981DD63-8152-4B8F-B748-C03ECDE69272}.Debug|Any CPU.Build.0 = Debug|Any CPU
		{A981DD63-8152-4B8F-B748-C03ECDE69272}.Release|Any CPU.ActiveCfg = Release|Any CPU
		{A981DD63-8152-4B8F-B748-C03ECDE69272}.Release|Any CPU.Build.0 = Release|Any CPU
		{E7216D64-ABCE-426F-B524-5C6A30178ED4}.Debug|Any CPU.ActiveCfg = Debug|Any CPU
		{E7216D64-ABCE-426F-B524-5C6A30178ED4}.Debug|Any CPU.Build.0 = Debug|Any CPU
		{E7216D64-ABCE-426F-B524-5C6A30178ED4}.Release|Any CPU.ActiveCfg = Release|Any CPU
		{E7216D64-ABCE-426F-B524-5C6A30178ED4}.Release|Any CPU.Build.0 = Release|Any CPU
	EndGlobalSection
	GlobalSection(SolutionProperties) = preSolution
		HideSolutionNode = FALSE
	EndGlobalSection
	GlobalSection(ExtensibilityGlobals) = postSolution
		SolutionGuid = {ECD818D3-A8E4-4D1A-ABF6-E6683E5ADBF0}
	EndGlobalSection
EndGlobal
